{
  "name": "example",
  "version": "0.1.0",
  "lockfileVersion": 3,
  "requires": true,
  "packages": {
    "": {
      "name": "example",
      "version": "0.1.0",
      "dependencies": {
        "@scope/foo": "^1.0.0",
        "bar": "^2.0.0"
      },
      "devDependencies": {
        "baz": "^4.0.0"
      }
    },
    "node_modules/@scope/foo": {
      "version": "1.0.0"
    },
    "node_modules/bar": {
      "version": "2.0.0",
      "dependencies": {
        "baz": "^3.0.0"
      }
    },
    "node_modules/bar/node_modules/baz": {
      "version": "3.0.0"
    },
    "node_modules/baz": {
      "version": "4.0.0",
      "dev": true
    }
  }
}
